
Microsoft Visual Studio Solution File, Format Version 12.00
# Visual Studio Version 17
VisualStudioVersion = 17.8.34309.116
MinimumVisualStudioVersion = 10.0.40219.1
Project("{FAE04EC0-301F-11D3-BF4B-00C04F79EFBC}") = "WebApiWithCRUD", "WebApiWithCRUD\WebApiWithCRUD.csproj", "{BDCB7A18-5A42-4C08-ADD2-8B2FC2996BD5}"
EndProject
Global
	GlobalSection(SolutionConfigurationPlatforms) = preSolution
		Debug|Any CPU = Debug|Any CPU
		Release|Any CPU = Release|Any CPU
	EndGlobalSection
	GlobalSection(ProjectConfigurationPlatforms) = postSolution
		{BDCB7A18-5A42-4C08-ADD2-8B2FC2996BD5}.Debug|Any CPU.ActiveCfg = Debug|Any CPU
		{BDCB7A18-5A42-4C08-ADD2-8B2FC2996BD5}.Debug|Any CPU.Build.0 = Debug|Any CPU
		{BDCB7A18-5A42-4C08-ADD2-8B2FC2996BD5}.Release|Any CPU.ActiveCfg = Release|Any CPU
		{BDCB7A18-5A42-4C08-ADD2-8B2FC2996BD5}.Release|Any CPU.Build.0 = Release|Any CPU
	EndGlobalSection
	GlobalSection(SolutionProperties) = preSolution
		HideSolutionNode = FALSE
	EndGlobalSection
	GlobalSection(ExtensibilityGlobals) = postSolution
		SolutionGuid = {ECB1876A-32B8-4C99-800A-DCBA0F6E993D}
	EndGlobalSection
EndGlobal
